// !$*UTF8*$!
{
	archiveVersion = 1;
	classes = {
	};
	objectVersion = 50;
	objects = {

/* Begin PBXBuildFile section */
		48F10EAE264D095C000EEA8F /* AppDelegate.swift in Sources */ = {isa = PBXBuildFile; fileRef = 48F10EAD264D095C000EEA8F /* AppDelegate.swift */; };
		48F10EB2264D095C000EEA8F /* ViewController.swift in Sources */ = {isa = PBXBuildFile; fileRef = 48F10EB1264D095C000EEA8F /* ViewController.swift */; };
		48F10EB5264D095D000EEA8F /* Main.storyboard in Resources */ = {isa = PBXBuildFile; fileRef = 48F10EB3264D095D000EEA8F /* Main.storyboard */; };
		48F10EB7264D095F000EEA8F /* Assets.xcassets in Resources */ = {isa = PBXBuildFile; fileRef = 48F10EB6264D095F000EEA8F /* Assets.xcassets */; };
		48F10EBA264D095F000EEA8F /* LaunchScreen.storyboard in Resources */ = {isa = PBXBuildFile; fileRef = 48F10EB8264D095F000EEA8F /* LaunchScreen.storyboard */; };
		48F10EC4264D2E60000EEA8F /* MKCalendarReminderUtil.swift in Sources */ = {isa = PBXBuildFile; fileRef = 48F10EC3264D2E60000EEA8F /* MKCalendarReminderUtil.swift */; };
		48F10EC6264E1164000EEA8F /* NSDate_Extension.swift in Sources */ = {isa = PBXBuildFile; fileRef = 48F10EC5264E1164000EEA8F /* NSDate_Extension.swift */; };
/* End PBXBuildFile section */

/* Begin PBXFileReference section */
		48F10EAA264D095C000EEA8F /* MKReminderUtil.app */ = {isa = PBXFileReference; explicitFileType = wrapper.application; includeInIndex = 0; path = MKReminderUtil.app; sourceTree = BUILT_PRODUCTS_DIR; };
		48F10EAD264D095C000EEA8F /* AppDelegate.swift */ = {isa = PBXFileReference; lastKnownFileType = sourcecode.swift; path = AppDelegate.swift; sourceTree = "<group>"; };
		48F10EB1264D095C000EEA8F /* ViewController.swift */ = {isa = PBXFileReference; lastKnownFileType = sourcecode.swift; path = ViewController.swift; sourceTree = "<group>"; };
		48F10EB4264D095D000EEA8F /* Base */ = {isa = PBXFileReference; lastKnownFileType = file.storyboard; name = Base; path = Base.lproj/Main.storyboard; sourceTree = "<group>"; };
		48F10EB6264D095F000EEA8F /* Assets.xcassets */ = {isa = PBXFileReference; lastKnownFileType = folder.assetcatalog; path = Assets.xcassets; sourceTree = "<group>"; };
		48F10EB9264D095F000EEA8F /* Base */ = {isa = PBXFileReference; lastKnownFileType = file.storyboard; name = Base; path = Base.lproj/LaunchScreen.storyboard; sourceTree = "<group>"; };
		48F10EBB264D095F000EEA8F /* Info.plist */ = {isa = PBXFileReference; lastKnownFileType = text.plist.xml; path = Info.plist; sourceTree = "<group>"; };
		48F10EC3264D2E60000EEA8F /* MKCalendarReminderUtil.swift */ = {isa = PBXFileReference; lastKnownFileType = sourcecode.swift; path = MKCalendarReminderUtil.swift; sourceTree = "<group>"; };
		48F10EC5264E1164000EEA8F /* NSDate_Extension.swift */ = {isa = PBXFileReference; lastKnownFileType = sourcecode.swift; path = NSDate_Extension.swift; sourceTree = "<group>"; };
/* End PBXFileReference section */

/* Begin PBXFrameworksBuildPhase section */
		48F10EA7264D095C000EEA8F /* Frameworks */ = {
			isa = PBXFrameworksBuildPhase;
			buildActionMask = 2147483647;
			files = (
			);
			runOnlyForDeploymentPostprocessing = 0;
		};
/* End PBXFrameworksBuildPhase section */

/* Begin PBXGroup section */
		48F10EA1264D095C000EEA8F = {
			isa = PBXGroup;
			children = (
				48F10EAC264D095C000EEA8F /* MKReminderUtil */,
				48F10EAB264D095C000EEA8F /* Products */,
			);
			sourceTree = "<group>";
		};
		48F10EAB264D095C000EEA8F /* Products */ = {
			isa = PBXGroup;
			children = (
				48F10EAA264D095C000EEA8F /* MKReminderUtil.app */,
			);
			name = Products;
			sourceTree = "<group>";
		};
		48F10EAC264D095C000EEA8F /* MKReminderUtil */ = {
			isa = PBXGroup;
			children = (
				48F10EAD264D095C000EEA8F /* AppDelegate.swift */,
				48F10EB1264D095C000EEA8F /* ViewController.swift */,
				48F10EC3264D2E60000EEA8F /* MKCalendarReminderUtil.swift */,
				48F10EC5264E1164000EEA8F /* NSDate_Extension.swift */,
				48F10EB3264D095D000EEA8F /* Main.storyboard */,
				48F10EB6264D095F000EEA8F /* Assets.xcassets */,
				48F10EB8264D095F000EEA8F /* LaunchScreen.storyboard */,
				48F10EBB264D095F000EEA8F /* Info.plist */,
			);
			path = MKReminderUtil;
			sourceTree = "<group>";
		};
/* End PBXGroup section */

/* Begin PBXNativeTarget section */
		48F10EA9264D095C000EEA8F /* MKReminderUtil */ = {
			isa = PBXNativeTarget;
			buildConfigurationList = 48F10EBE264D095F000EEA8F /* Build configuration list for PBXNativeTarget "MKReminderUtil" */;
			buildPhases = (
				48F10EA6264D095C000EEA8F /* Sources */,
				48F10EA7264D095C000EEA8F /* Frameworks */,
				48F10EA8264D095C000EEA8F /* Resources */,
			);
			buildRules = (
			);
			dependencies = (
			);
			name = MKReminderUtil;
			productName = MKReminderUtil;
			productReference = 48F10EAA264D095C000EEA8F /* MKReminderUtil.app */;
			productType = "com.apple.product-type.application";
		};
/* End PBXNativeTarget section */

/* Begin PBXProject section */
		48F10EA2264D095C000EEA8F /* Project object */ = {
			isa = PBXProject;
			attributes = {
				LastSwiftUpdateCheck = 1250;
				LastUpgradeCheck = 1250;
				TargetAttributes = {
					48F10EA9264D095C000EEA8F = {
						CreatedOnToolsVersion = 12.5;
					};
				};
			};
			buildConfigurationList = 48F10EA5264D095C000EEA8F /* Build configuration list for PBXProject "MKReminderUtil" */;
			compatibilityVersion = "Xcode 9.3";
			developmentRegion = en;
			hasScannedForEncodings = 0;
			knownRegions = (
				en,
				Base,
			);
			mainGroup = 48F10EA1264D095C000EEA8F;
			productRefGroup = 48F10EAB264D095C000EEA8F /* Products */;
			projectDirPath = "";
			projectRoot = "";
			targets = (
				48F10EA9264D095C000EEA8F /* MKReminderUtil */,
			);
		};
/* End PBXProject section */

/* Begin PBXResourcesBuildPhase section */
		48F10EA8264D095C000EEA8F /* Resources */ = {
			isa = PBXResourcesBuildPhase;
			buildActionMask = 2147483647;
			files = (
				48F10EBA264D095F000EEA8F /* LaunchScreen.storyboard in Resources */,
				48F10EB7264D095F000EEA8F /* Assets.xcassets in Resources */,
				48F10EB5264D095D000EEA8F /* Main.storyboard in Resources */,
			);
			runOnlyForDeploymentPostprocessing = 0;
		};
/* End PBXResourcesBuildPhase section */

/* Begin PBXSourcesBuildPhase section */
		48F10EA6264D095C000EEA8F /* Sources */ = {
			isa = PBXSourcesBuildPhase;
			buildActionMask = 2147483647;
			files = (
				48F10EC6264E1164000EEA8F /* NSDate_Extension.swift in Sources */,
				48F10EB2264D095C000EEA8F /* ViewController.swift in Sources */,
				48F10EC4264D2E60000EEA8F /* MKCalendarReminderUtil.swift in Sources */,
				48F10EAE264D095C000EEA8F /* AppDelegate.swift in Sources */,
			);
			runOnlyForDeploymentPostprocessing = 0;
		};
/* End PBXSourcesBuildPhase section */

/* Begin PBXVariantGroup section */
		48F10EB3264D095D000EEA8F /* Main.storyboard */ = {
			isa = PBXVariantGroup;
			children = (
				48F10EB4264D095D000EEA8F /* Base */,
			);
			name = Main.storyboard;
			sourceTree = "<group>";
		};
		48F10EB8264D095F000EEA8F /* LaunchScreen.storyboard */ = {
			isa = PBXVariantGroup;
			children = (
				48F10EB9264D095F000EEA8F /* Base */,
			);
			name = LaunchScreen.storyboard;
			sourceTree = "<group>";
		};
/* End PBXVariantGroup section */

/* Begin XCBuildConfiguration section */
		48F10EBC264D095F000EEA8F /* Debug */ = {
			isa = XCBuildConfiguration;
			buildSettings = {
				ALWAYS_SEARCH_USER_PATHS = NO;
				CLANG_ANALYZER_NONNULL = YES;
				CLANG_ANALYZER_NUMBER_OBJECT_CONVERSION = YES_AGGRESSIVE;
				CLANG_CXX_LANGUAGE_STANDARD = "gnu++14";
				CLANG_CXX_LIBRARY = "libc++";
				CLANG_ENABLE_MODULES = YES;
				CLANG_ENABLE_OBJC_ARC = YES;
				CLANG_ENABLE_OBJC_WEAK = YES;
				CLANG_WARN_BLOCK_CAPTURE_AUTORELEASING = YES;
				CLANG_WARN_BOOL_CONVERSION = YES;
				CLANG_WARN_COMMA = YES;
				CLANG_WARN_CONSTANT_CONVERSION = YES;
				CLANG_WARN_DEPRECATED_OBJC_IMPLEMENTATIONS = YES;
				CLANG_WARN_DIRECT_OBJC_ISA_USAGE = YES_ERROR;
				CLANG_WARN_DOCUMENTATION_COMMENTS = YES;
				CLANG_WARN_EMPTY_BODY = YES;
				CLANG_WARN_ENUM_CONVERSION = YES;
				CLANG_WARN_INFINITE_RECURSION = YES;
				CLANG_WARN_INT_CONVERSION = YES;
				CLANG_WARN_NON_LITERAL_NULL_CONVERSION = YES;
				CLANG_WARN_OBJC_IMPLICIT_RETAIN_SELF = YES;
				CLANG_WARN_OBJC_LITERAL_CONVERSION = YES;
				CLANG_WARN_OBJC_ROOT_CLASS = YES_ERROR;
				CLANG_WARN_QUOTED_INCLUDE_IN_FRAMEWORK_HEADER = YES;
				CLANG_WARN_RANGE_LOOP_ANALYSIS = YES;
				CLANG_WARN_STRICT_PROTOTYPES = YES;
				CLANG_WARN_SUSPICIOUS_MOVE = YES;
				CLANG_WARN_UNGUARDED_AVAILABILITY = YES_AGGRESSIVE;
				CLANG_WARN_UNREACHABLE_CODE = YES;
				CLANG_WARN__DUPLICATE_METHOD_MATCH = YES;
				COPY_PHASE_STRIP = NO;
				DEBUG_INFORMATION_FORMAT = dwarf;
				ENABLE_STRICT_OBJC_MSGSEND = YES;
				ENABLE_TESTABILITY = YES;
				GCC_C_LANGUAGE_STANDARD = gnu11;
				GCC_DYNAMIC_NO_PIC = NO;
				GCC_NO_COMMON_BLOCKS = YES;
				GCC_OPTIMIZATION_LEVEL = 0;
				GCC_PREPROCESSOR_DEFINITIONS = (
					"DEBUG=1",
					"$(inherited)",
				);
				GCC_WARN_64_TO_32_BIT_CONVERSION = YES;
				GCC_WARN_ABOUT_RETURN_TYPE = YES_ERROR;
				GCC_WARN_UNDECLARED_SELECTOR = YES;
				GCC_WARN_UNINITIALIZED_AUTOS = YES_AGGRESSIVE;
				GCC_WARN_UNUSED_FUNCTION = YES;
				GCC_WARN_UNUSED_VARIABLE = YES;
				IPHONEOS_DEPLOYMENT_TARGET = 14.5;
				MTL_ENABLE_DEBUG_INFO = INCLUDE_SOURCE;
				MTL_FAST_MATH = YES;
				ONLY_ACTIVE_ARCH = YES;
				SDKROOT = iphoneos;
				SWIFT_ACTIVE_COMPILATION_CONDITIONS = DEBUG;
				SWIFT_OPTIMIZATION_LEVEL = "-Onone";
			};
			name = Debug;
		};
		48F10EBD264D095F000EEA8F /* Release */ = {
			isa = XCBuildConfiguration;
			buildSettings = {
				ALWAYS_SEARCH_USER_PATHS = NO;
				CLANG_ANALYZER_NONNULL = YES;
				CLANG_ANALYZER_NUMBER_OBJECT_CONVERSION = YES_AGGRESSIVE;
				CLANG_CXX_LANGUAGE_STANDARD = "gnu++14";
				CLANG_CXX_LIBRARY = "libc++";
				CLANG_ENABLE_MODULES = YES;
				CLANG_ENABLE_OBJC_ARC = YES;
				CLANG_ENABLE_OBJC_WEAK = YES;
				CLANG_WARN_BLOCK_CAPTURE_AUTORELEASING = YES;
				CLANG_WARN_BOOL_CONVERSION = YES;
				CLANG_WARN_COMMA = YES;
				CLANG_WARN_CONSTANT_CONVERSION = YES;
				CLANG_WARN_DEPRECATED_OBJC_IMPLEMENTATIONS = YES;
				CLANG_WARN_DIRECT_OBJC_ISA_USAGE = YES_ERROR;
				CLANG_WARN_DOCUMENTATION_COMMENTS = YES;
				CLANG_WARN_EMPTY_BODY = YES;
				CLANG_WARN_ENUM_CONVERSION = YES;
				CLANG_WARN_INFINITE_RECURSION = YES;
				CLANG_WARN_INT_CONVERSION = YES;
				CLANG_WARN_NON_LITERAL_NULL_CONVERSION = YES;
				CLANG_WARN_OBJC_IMPLICIT_RETAIN_SELF = YES;
				CLANG_WARN_OBJC_LITERAL_CONVERSION = YES;
				CLANG_WARN_OBJC_ROOT_CLASS = YES_ERROR;
				CLANG_WARN_QUOTED_INCLUDE_IN_FRAMEWORK_HEADER = YES;
				CLANG_WARN_RANGE_LOOP_ANALYSIS = YES;
				CLANG_WARN_STRICT_PROTOTYPES = YES;
				CLANG_WARN_SUSPICIOUS_MOVE = YES;
				CLANG_WARN_UNGUARDED_AVAILABILITY = YES_AGGRESSIVE;
				CLANG_WARN_UNREACHABLE_CODE = YES;
				CLANG_WARN__DUPLICATE_METHOD_MATCH = YES;
				COPY_PHASE_STRIP = NO;
				DEBUG_INFORMATION_FORMAT = "dwarf-with-dsym";
				ENABLE_NS_ASSERTIONS = NO;
				ENABLE_STRICT_OBJC_MSGSEND = YES;
				GCC_C_LANGUAGE_STANDARD = gnu11;
				GCC_NO_COMMON_BLOCKS = YES;
				GCC_WARN_64_TO_32_BIT_CONVERSION = YES;
				GCC_WARN_ABOUT_RETURN_TYPE = YES_ERROR;
				GCC_WARN_UNDECLARED_SELECTOR = YES;
				GCC_WARN_UNINITIALIZED_AUTOS = YES_AGGRESSIVE;
				GCC_WARN_UNUSED_FUNCTION = YES;
				GCC_WARN_UNUSED_VARIABLE = YES;
				IPHONEOS_DEPLOYMENT_TARGET = 14.5;
				MTL_ENABLE_DEBUG_INFO = NO;
				MTL_FAST_MATH = YES;
				SDKROOT = iphoneos;
				SWIFT_COMPILATION_MODE = wholemodule;
				SWIFT_OPTIMIZATION_LEVEL = "-O";
				VALIDATE_PRODUCT = YES;
			};
			name = Release;
		};
		48F10EBF264D095F000EEA8F /* Debug */ = {
			isa = XCBuildConfiguration;
			buildSettings = {
				ASSETCATALOG_COMPILER_APPICON_NAME = AppIcon;
				ASSETCATALOG_COMPILER_GLOBAL_ACCENT_COLOR_NAME = AccentColor;
				CODE_SIGN_STYLE = Automatic;
				INFOPLIST_FILE = MKReminderUtil/Info.plist;
				IPHONEOS_DEPLOYMENT_TARGET = 10.0;
				LD_RUNPATH_SEARCH_PATHS = (
					"$(inherited)",
					"@executable_path/Frameworks",
				);
				PRODUCT_BUNDLE_IDENTIFIER = com.hongxinjianfa.MKReminderUtil;
				PRODUCT_NAME = "$(TARGET_NAME)";
				SWIFT_VERSION = 5.0;
				TARGETED_DEVICE_FAMILY = 1;
			};
			name = Debug;
		};
		48F10EC0264D095F000EEA8F /* Release */ = {
			isa = XCBuildConfiguration;
			buildSettings = {
				ASSETCATALOG_COMPILER_APPICON_NAME = AppIcon;
				ASSETCATALOG_COMPILER_GLOBAL_ACCENT_COLOR_NAME = AccentColor;
				CODE_SIGN_STYLE = Automatic;
				INFOPLIST_FILE = MKReminderUtil/Info.plist;
				IPHONEOS_DEPLOYMENT_TARGET = 10.0;
				LD_RUNPATH_SEARCH_PATHS = (
					"$(inherited)",
					"@executable_path/Frameworks",
				);
				PRODUCT_BUNDLE_IDENTIFIER = com.hongxinjianfa.MKReminderUtil;
				PRODUCT_NAME = "$(TARGET_NAME)";
				SWIFT_VERSION = 5.0;
				TARGETED_DEVICE_FAMILY = 1;
			};
			name = Release;
		};
/* End XCBuildConfiguration section */

/* Begin XCConfigurationList section */
		48F10EA5264D095C000EEA8F /* Build configuration list for PBXProject "MKReminderUtil" */ = {
			isa = XCConfigurationList;
			buildConfigurations = (
				48F10EBC264D095F000EEA8F /* Debug */,
				48F10EBD264D095F000EEA8F /* Release */,
			);
			defaultConfigurationIsVisible = 0;
			defaultConfigurationName = Release;
		};
		48F10EBE264D095F000EEA8F /* Build configuration list for PBXNativeTarget "MKReminderUtil" */ = {
			isa = XCConfigurationList;
			buildConfigurations = (
				48F10EBF264D095F000EEA8F /* Debug */,
				48F10EC0264D095F000EEA8F /* Release */,
			);
			defaultConfigurationIsVisible = 0;
			defaultConfigurationName = Release;
		};
/* End XCConfigurationList section */
	};
	rootObject = 48F10EA2264D095C000EEA8F /* Project object */;
}
